
Microsoft Visual Studio Solution File, Format Version 12.00
# Visual Studio Version 16
VisualStudioVersion = 16.0.31515.178
MinimumVisualStudioVersion = 10.0.40219.1
Project("{FAE04EC0-301F-11D3-BF4B-00C04F79EFBC}") = "TinhCan2", "TinhCan2\TinhCan2.csproj", "{8E0D3338-C31B-41BE-8F3C-17CF02554F42}"
EndProject
Global
	GlobalSection(SolutionConfigurationPlatforms) = preSolution
		Debug|Any CPU = Debug|Any CPU
		Release|Any CPU = Release|Any CPU
	EndGlobalSection
	GlobalSection(ProjectConfigurationPlatforms) = postSolution
		{8E0D3338-C31B-41BE-8F3C-17CF02554F42}.Debug|Any CPU.ActiveCfg = Debug|Any CPU
		{8E0D3338-C31B-41BE-8F3C-17CF02554F42}.Debug|Any CPU.Build.0 = Debug|Any CPU
		{8E0D3338-C31B-41BE-8F3C-17CF02554F42}.Release|Any CPU.ActiveCfg = Release|Any CPU
		{8E0D3338-C31B-41BE-8F3C-17CF02554F42}.Release|Any CPU.Build.0 = Release|Any CPU
	EndGlobalSection
	GlobalSection(SolutionProperties) = preSolution
		HideSolutionNode = FALSE
	EndGlobalSection
	GlobalSection(ExtensibilityGlobals) = postSolution
		SolutionGuid = {92CA224B-3D9E-45BB-AF91-7572711DEE89}
	EndGlobalSection
EndGlobal
