
Microsoft Visual Studio Solution File, Format Version 12.00
# Visual Studio Version 16
VisualStudioVersion = 16.0.31515.178
MinimumVisualStudioVersion = 10.0.40219.1
Project("{FAE04EC0-301F-11D3-BF4B-00C04F79EFBC}") = "Baitap", "Baitap.csproj", "{A34B9249-1CE7-46DF-AA80-EB57E4B7A824}"
EndProject
Global
	GlobalSection(SolutionConfigurationPlatforms) = preSolution
		Debug|Any CPU = Debug|Any CPU
		Release|Any CPU = Release|Any CPU
	EndGlobalSection
	GlobalSection(ProjectConfigurationPlatforms) = postSolution
		{A34B9249-1CE7-46DF-AA80-EB57E4B7A824}.Debug|Any CPU.ActiveCfg = Debug|Any CPU
		{A34B9249-1CE7-46DF-AA80-EB57E4B7A824}.Debug|Any CPU.Build.0 = Debug|Any CPU
		{A34B9249-1CE7-46DF-AA80-EB57E4B7A824}.Release|Any CPU.ActiveCfg = Release|Any CPU
		{A34B9249-1CE7-46DF-AA80-EB57E4B7A824}.Release|Any CPU.Build.0 = Release|Any CPU
	EndGlobalSection
	GlobalSection(SolutionProperties) = preSolution
		HideSolutionNode = FALSE
	EndGlobalSection
	GlobalSection(ExtensibilityGlobals) = postSolution
		SolutionGuid = {3AFBCC66-963E-4588-9375-B53207DDD5C3}
	EndGlobalSection
EndGlobal
